
Microsoft Visual Studio Solution File, Format Version 12.00
# Visual Studio Version 17
VisualStudioVersion = 17.12.35209.166
MinimumVisualStudioVersion = 10.0.40219.1
Project("{2150E333-8FDC-42A3-9474-1A3956D46DE8}") = "src", "src", "{7EAEAE78-A6CD-4B76-870E-27AF0E08D0F3}"
EndProject
Project("{FAE04EC0-301F-11D3-BF4B-00C04F79EFBC}") = "ProductCatalog", "src\ProductCatalog\ProductCatalog.csproj", "{8196A86E-59F5-4521-9040-082BA897FB9C}"
EndProject
Project("{E53339B2-1760-4266-BCC7-CA923CBCF16C}") = "docker-compose", "docker-compose.dcproj", "{DC841CCD-F683-4A19-BF9E-1A1568E8CB8F}"
EndProject
Project("{2150E333-8FDC-42A3-9474-1A3956D46DE8}") = "test", "test", "{4035D921-69F4-4C52-B53F-8170B083A0BB}"
EndProject
Project("{FAE04EC0-301F-11D3-BF4B-00C04F79EFBC}") = "ProductCatalog.Tests", "test\ProductCatalog.Tests\ProductCatalog.Tests.csproj", "{248145D6-6A25-491D-B686-729C11FF1F85}"
EndProject
Global
	GlobalSection(SolutionConfigurationPlatforms) = preSolution
		Debug|Any CPU = Debug|Any CPU
		Release|Any CPU = Release|Any CPU
	EndGlobalSection
	GlobalSection(ProjectConfigurationPlatforms) = postSolution
		{8196A86E-59F5-4521-9040-082BA897FB9C}.Debug|Any CPU.ActiveCfg = Debug|Any CPU
		{8196A86E-59F5-4521-9040-082BA897FB9C}.Debug|Any CPU.Build.0 = Debug|Any CPU
		{8196A86E-59F5-4521-9040-082BA897FB9C}.Release|Any CPU.ActiveCfg = Release|Any CPU
		{8196A86E-59F5-4521-9040-082BA897FB9C}.Release|Any CPU.Build.0 = Release|Any CPU
		{DC841CCD-F683-4A19-BF9E-1A1568E8CB8F}.Debug|Any CPU.ActiveCfg = Debug|Any CPU
		{DC841CCD-F683-4A19-BF9E-1A1568E8CB8F}.Debug|Any CPU.Build.0 = Debug|Any CPU
		{DC841CCD-F683-4A19-BF9E-1A1568E8CB8F}.Release|Any CPU.ActiveCfg = Release|Any CPU
		{DC841CCD-F683-4A19-BF9E-1A1568E8CB8F}.Release|Any CPU.Build.0 = Release|Any CPU
		{248145D6-6A25-491D-B686-729C11FF1F85}.Debug|Any CPU.ActiveCfg = Debug|Any CPU
		{248145D6-6A25-491D-B686-729C11FF1F85}.Debug|Any CPU.Build.0 = Debug|Any CPU
		{248145D6-6A25-491D-B686-729C11FF1F85}.Release|Any CPU.ActiveCfg = Release|Any CPU
		{248145D6-6A25-491D-B686-729C11FF1F85}.Release|Any CPU.Build.0 = Release|Any CPU
	EndGlobalSection
	GlobalSection(SolutionProperties) = preSolution
		HideSolutionNode = FALSE
	EndGlobalSection
	GlobalSection(NestedProjects) = preSolution
		{8196A86E-59F5-4521-9040-082BA897FB9C} = {7EAEAE78-A6CD-4B76-870E-27AF0E08D0F3}
		{248145D6-6A25-491D-B686-729C11FF1F85} = {4035D921-69F4-4C52-B53F-8170B083A0BB}
	EndGlobalSection
	GlobalSection(ExtensibilityGlobals) = postSolution
		SolutionGuid = {1628E2F3-7BD8-445C-B854-AAC174D95DE3}
	EndGlobalSection
EndGlobal
